
Microsoft Visual Studio Solution File, Format Version 12.00
# Visual Studio Version 17
VisualStudioVersion = 17.7.34202.233
MinimumVisualStudioVersion = 10.0.40219.1
Project("{9A19103F-16F7-4668-BE54-9A1E7A4F7556}") = "lr3(1)", "lr3(1).csproj", "{B1D97385-5882-48DC-B720-C9CA76EC6E12}"
EndProject
Project("{FAE04EC0-301F-11D3-BF4B-00C04F79EFBC}") = "WpfApp lr3(1)", "..\WpfApp lr3(1)\WpfApp lr3(1).csproj", "{11182068-7D76-43E2-8C2E-B3EB8BDE57F4}"
EndProject
Global
	GlobalSection(SolutionConfigurationPlatforms) = preSolution
		Debug|Any CPU = Debug|Any CPU
		Release|Any CPU = Release|Any CPU
	EndGlobalSection
	GlobalSection(ProjectConfigurationPlatforms) = postSolution
		{B1D97385-5882-48DC-B720-C9CA76EC6E12}.Debug|Any CPU.ActiveCfg = Debug|Any CPU
		{B1D97385-5882-48DC-B720-C9CA76EC6E12}.Debug|Any CPU.Build.0 = Debug|Any CPU
		{B1D97385-5882-48DC-B720-C9CA76EC6E12}.Release|Any CPU.ActiveCfg = Release|Any CPU
		{B1D97385-5882-48DC-B720-C9CA76EC6E12}.Release|Any CPU.Build.0 = Release|Any CPU
		{11182068-7D76-43E2-8C2E-B3EB8BDE57F4}.Debug|Any CPU.ActiveCfg = Debug|Any CPU
		{11182068-7D76-43E2-8C2E-B3EB8BDE57F4}.Debug|Any CPU.Build.0 = Debug|Any CPU
		{11182068-7D76-43E2-8C2E-B3EB8BDE57F4}.Release|Any CPU.ActiveCfg = Release|Any CPU
		{11182068-7D76-43E2-8C2E-B3EB8BDE57F4}.Release|Any CPU.Build.0 = Release|Any CPU
	EndGlobalSection
	GlobalSection(SolutionProperties) = preSolution
		HideSolutionNode = FALSE
	EndGlobalSection
	GlobalSection(ExtensibilityGlobals) = postSolution
		SolutionGuid = {FAFC6EAD-AFC1-4208-89F8-94DACD3A459A}
	EndGlobalSection
EndGlobal
